
Microsoft Visual Studio Solution File, Format Version 12.00
# Visual Studio Version 17
VisualStudioVersion = 17.7.34221.43
MinimumVisualStudioVersion = 10.0.40219.1
Project("{FAE04EC0-301F-11D3-BF4B-00C04F79EFBC}") = "WebApi", "NoteSphere\WebApi.csproj", "{FB6C657B-E7C1-4F1D-95F5-AADF95FE056C}"
EndProject
Project("{2150E333-8FDC-42A3-9474-1A3956D46DE8}") = "src", "src", "{60F94596-76C4-4A91-BAEA-EB15573B8103}"
EndProject
Project("{2150E333-8FDC-42A3-9474-1A3956D46DE8}") = "test", "test", "{1D538F9E-7635-45CC-B0B7-8746A0FC038F}"
EndProject
Project("{2150E333-8FDC-42A3-9474-1A3956D46DE8}") = "Core", "Core", "{BDB8F00E-8949-4EB7-851C-F22B5AF7A2C4}"
EndProject
Project("{9A19103F-16F7-4668-BE54-9A1E7A4F7556}") = "Domain", "Domain\Domain.csproj", "{34EDA35D-1EBD-4A8E-B757-9503B2C6F3B9}"
EndProject
Project("{9A19103F-16F7-4668-BE54-9A1E7A4F7556}") = "Application", "Application\Application.csproj", "{4B485503-EA19-40C7-925F-F996D8760461}"
EndProject
Project("{2150E333-8FDC-42A3-9474-1A3956D46DE8}") = "External", "External", "{BA79757A-4468-4083-B2D1-78FCFED81066}"
EndProject
Project("{9A19103F-16F7-4668-BE54-9A1E7A4F7556}") = "Infrastructure", "Infrastructure\Infrastructure.csproj", "{6DED5F10-FC0F-4912-A4A1-AFAA875A9792}"
EndProject
Global
	GlobalSection(SolutionConfigurationPlatforms) = preSolution
		Debug|Any CPU = Debug|Any CPU
		Release|Any CPU = Release|Any CPU
	EndGlobalSection
	GlobalSection(ProjectConfigurationPlatforms) = postSolution
		{FB6C657B-E7C1-4F1D-95F5-AADF95FE056C}.Debug|Any CPU.ActiveCfg = Debug|Any CPU
		{FB6C657B-E7C1-4F1D-95F5-AADF95FE056C}.Debug|Any CPU.Build.0 = Debug|Any CPU
		{FB6C657B-E7C1-4F1D-95F5-AADF95FE056C}.Release|Any CPU.ActiveCfg = Release|Any CPU
		{FB6C657B-E7C1-4F1D-95F5-AADF95FE056C}.Release|Any CPU.Build.0 = Release|Any CPU
		{34EDA35D-1EBD-4A8E-B757-9503B2C6F3B9}.Debug|Any CPU.ActiveCfg = Debug|Any CPU
		{34EDA35D-1EBD-4A8E-B757-9503B2C6F3B9}.Debug|Any CPU.Build.0 = Debug|Any CPU
		{34EDA35D-1EBD-4A8E-B757-9503B2C6F3B9}.Release|Any CPU.ActiveCfg = Release|Any CPU
		{34EDA35D-1EBD-4A8E-B757-9503B2C6F3B9}.Release|Any CPU.Build.0 = Release|Any CPU
		{4B485503-EA19-40C7-925F-F996D8760461}.Debug|Any CPU.ActiveCfg = Debug|Any CPU
		{4B485503-EA19-40C7-925F-F996D8760461}.Debug|Any CPU.Build.0 = Debug|Any CPU
		{4B485503-EA19-40C7-925F-F996D8760461}.Release|Any CPU.ActiveCfg = Release|Any CPU
		{4B485503-EA19-40C7-925F-F996D8760461}.Release|Any CPU.Build.0 = Release|Any CPU
		{6DED5F10-FC0F-4912-A4A1-AFAA875A9792}.Debug|Any CPU.ActiveCfg = Debug|Any CPU
		{6DED5F10-FC0F-4912-A4A1-AFAA875A9792}.Debug|Any CPU.Build.0 = Debug|Any CPU
		{6DED5F10-FC0F-4912-A4A1-AFAA875A9792}.Release|Any CPU.ActiveCfg = Release|Any CPU
		{6DED5F10-FC0F-4912-A4A1-AFAA875A9792}.Release|Any CPU.Build.0 = Release|Any CPU
	EndGlobalSection
	GlobalSection(SolutionProperties) = preSolution
		HideSolutionNode = FALSE
	EndGlobalSection
	GlobalSection(NestedProjects) = preSolution
		{FB6C657B-E7C1-4F1D-95F5-AADF95FE056C} = {BA79757A-4468-4083-B2D1-78FCFED81066}
		{BDB8F00E-8949-4EB7-851C-F22B5AF7A2C4} = {60F94596-76C4-4A91-BAEA-EB15573B8103}
		{34EDA35D-1EBD-4A8E-B757-9503B2C6F3B9} = {BDB8F00E-8949-4EB7-851C-F22B5AF7A2C4}
		{4B485503-EA19-40C7-925F-F996D8760461} = {BDB8F00E-8949-4EB7-851C-F22B5AF7A2C4}
		{BA79757A-4468-4083-B2D1-78FCFED81066} = {60F94596-76C4-4A91-BAEA-EB15573B8103}
		{6DED5F10-FC0F-4912-A4A1-AFAA875A9792} = {BA79757A-4468-4083-B2D1-78FCFED81066}
	EndGlobalSection
	GlobalSection(ExtensibilityGlobals) = postSolution
		SolutionGuid = {A8E82D59-F1DC-47D6-ACA7-A7957E11992A}
	EndGlobalSection
EndGlobal
