
Microsoft Visual Studio Solution File, Format Version 12.00
# Visual Studio Version 17
VisualStudioVersion = 17.0.31903.59
MinimumVisualStudioVersion = 10.0.40219.1
Project("{2150E333-8FDC-42A3-9474-1A3956D46DE8}") = "src", "src", "{B67FAD98-CE52-45AF-8FF0-5E47395EC3E8}"
EndProject
Project("{9A19103F-16F7-4668-BE54-9A1E7A4F7556}") = "Application", "src\NoteSphere.Application\Application.csproj", "{863F3083-5C8E-44F7-9D8B-84A9F9EB1AEF}"
EndProject
Project("{9A19103F-16F7-4668-BE54-9A1E7A4F7556}") = "Domain", "src\NoteSphere.Domain\Domain.csproj", "{E0C79EDF-1BC9-490C-885F-E76EDB79DCD7}"
EndProject
Project("{9A19103F-16F7-4668-BE54-9A1E7A4F7556}") = "Infrastructure", "src\NoteSphere.Infrastructure\Infrastructure.csproj", "{699B6A88-CAEE-4678-88C7-68E7A20A471C}"
EndProject
Project("{9A19103F-16F7-4668-BE54-9A1E7A4F7556}") = "WebApi", "src\NoteSphere.WebApi\WebApi.csproj", "{86FE671C-D3F6-4A4F-93F8-60EC6297608C}"
EndProject
Global
	GlobalSection(SolutionConfigurationPlatforms) = preSolution
		Debug|Any CPU = Debug|Any CPU
		Release|Any CPU = Release|Any CPU
	EndGlobalSection
	GlobalSection(ProjectConfigurationPlatforms) = postSolution
		{863F3083-5C8E-44F7-9D8B-84A9F9EB1AEF}.Debug|Any CPU.ActiveCfg = Debug|Any CPU
		{863F3083-5C8E-44F7-9D8B-84A9F9EB1AEF}.Debug|Any CPU.Build.0 = Debug|Any CPU
		{863F3083-5C8E-44F7-9D8B-84A9F9EB1AEF}.Release|Any CPU.ActiveCfg = Release|Any CPU
		{863F3083-5C8E-44F7-9D8B-84A9F9EB1AEF}.Release|Any CPU.Build.0 = Release|Any CPU
		{E0C79EDF-1BC9-490C-885F-E76EDB79DCD7}.Debug|Any CPU.ActiveCfg = Debug|Any CPU
		{E0C79EDF-1BC9-490C-885F-E76EDB79DCD7}.Debug|Any CPU.Build.0 = Debug|Any CPU
		{E0C79EDF-1BC9-490C-885F-E76EDB79DCD7}.Release|Any CPU.ActiveCfg = Release|Any CPU
		{E0C79EDF-1BC9-490C-885F-E76EDB79DCD7}.Release|Any CPU.Build.0 = Release|Any CPU
		{699B6A88-CAEE-4678-88C7-68E7A20A471C}.Debug|Any CPU.ActiveCfg = Debug|Any CPU
		{699B6A88-CAEE-4678-88C7-68E7A20A471C}.Debug|Any CPU.Build.0 = Debug|Any CPU
		{699B6A88-CAEE-4678-88C7-68E7A20A471C}.Release|Any CPU.ActiveCfg = Release|Any CPU
		{699B6A88-CAEE-4678-88C7-68E7A20A471C}.Release|Any CPU.Build.0 = Release|Any CPU
		{86FE671C-D3F6-4A4F-93F8-60EC6297608C}.Debug|Any CPU.ActiveCfg = Debug|Any CPU
		{86FE671C-D3F6-4A4F-93F8-60EC6297608C}.Debug|Any CPU.Build.0 = Debug|Any CPU
		{86FE671C-D3F6-4A4F-93F8-60EC6297608C}.Release|Any CPU.ActiveCfg = Release|Any CPU
		{86FE671C-D3F6-4A4F-93F8-60EC6297608C}.Release|Any CPU.Build.0 = Release|Any CPU
	EndGlobalSection
	GlobalSection(SolutionProperties) = preSolution
		HideSolutionNode = FALSE
	EndGlobalSection
	GlobalSection(NestedProjects) = preSolution
		{863F3083-5C8E-44F7-9D8B-84A9F9EB1AEF} = {B67FAD98-CE52-45AF-8FF0-5E47395EC3E8}
		{E0C79EDF-1BC9-490C-885F-E76EDB79DCD7} = {B67FAD98-CE52-45AF-8FF0-5E47395EC3E8}
		{699B6A88-CAEE-4678-88C7-68E7A20A471C} = {B67FAD98-CE52-45AF-8FF0-5E47395EC3E8}
		{86FE671C-D3F6-4A4F-93F8-60EC6297608C} = {B67FAD98-CE52-45AF-8FF0-5E47395EC3E8}
	EndGlobalSection
	GlobalSection(ExtensibilityGlobals) = postSolution
		SolutionGuid = {44264D3B-3041-4D2F-9DAD-A2E9F262518D}
	EndGlobalSection
EndGlobal
